github.com/daylamtayari/cierge/reservation v0.8.5 h1:8yAzUtTezG+CIXyy+mYcnkHkY0ovA8vnjvb1p209Me4=
github.com/daylamtayari/cierge/reservation v0.8.5/go.mod h1:Vbd064Qjl9ICCgM2i8bYcaK1tLltDWPmb2sFEs5DeZ0=
github.com/daylamtayari/cierge/resy v0.8.1 h1:VGcVf+GnLWzIAJsuJV1O9WwVMAqLoJq/fqb6yCNVePw=
github.com/daylamtayari/cierge/resy v0.8.1/go.mod h1:67saRam8S3u17pt6akXmElTCnKmXZqW2xJRLzmZfOrc=
github.com/google/uuid v1.6.0 h1:NIvaJDMOsjHA8n1jAhLSgzrAzy1Hgr+hNrb57e+94F0=
github.com/google/uuid v1.6.0/go.mod h1:TIyPZe4MgqvfeYDBFedMoGGpEw/LqOeaOT+nhxU+yHo=
