github.com/daylamtayari/cierge/resy v0.7.3 h1:2y8wojfWbSV/GqUioa9JKnVO08hHa7Nexs4jqSZb6BA=
github.com/daylamtayari/cierge/resy v0.7.3/go.mod h1:67saRam8S3u17pt6akXmElTCnKmXZqW2xJRLzmZfOrc=
github.com/google/uuid v1.6.0 h1:NIvaJDMOsjHA8n1jAhLSgzrAzy1Hgr+hNrb57e+94F0=
github.com/google/uuid v1.6.0/go.mod h1:TIyPZe4MgqvfeYDBFedMoGGpEw/LqOeaOT+nhxU+yHo=
